// !$*UTF8*$!
{
	archiveVersion = 1;
	classes = {
	};
	objectVersion = 50;
	objects = {

/* Begin PBXBuildFile section */
		5A392BFE21F807AD002A066E /* AppDelegate.swift in Sources */ = {isa = PBXBuildFile; fileRef = 5A392BFD21F807AD002A066E /* AppDelegate.swift */; };
		5A392C0021F807AD002A066E /* ViewController.swift in Sources */ = {isa = PBXBuildFile; fileRef = 5A392BFF21F807AD002A066E /* ViewController.swift */; };
		5A392C0321F807AD002A066E /* Main.storyboard in Resources */ = {isa = PBXBuildFile; fileRef = 5A392C0121F807AD002A066E /* Main.storyboard */; };
		5A392C0621F807AE002A066E /* CoreDataCRUD.xcdatamodeld in Sources */ = {isa = PBXBuildFile; fileRef = 5A392C0421F807AE002A066E /* CoreDataCRUD.xcdatamodeld */; };
		5A392C0821F807B2002A066E /* Assets.xcassets in Resources */ = {isa = PBXBuildFile; fileRef = 5A392C0721F807B2002A066E /* Assets.xcassets */; };
		5A392C0B21F807B2002A066E /* LaunchScreen.storyboard in Resources */ = {isa = PBXBuildFile; fileRef = 5A392C0921F807B2002A066E /* LaunchScreen.storyboard */; };
		5A392C1621F807B2002A066E /* CoreDataCRUDTests.swift in Sources */ = {isa = PBXBuildFile; fileRef = 5A392C1521F807B2002A066E /* CoreDataCRUDTests.swift */; };
		5A392C2121F807B2002A066E /* CoreDataCRUDUITests.swift in Sources */ = {isa = PBXBuildFile; fileRef = 5A392C2021F807B2002A066E /* CoreDataCRUDUITests.swift */; };
/* End PBXBuildFile section */

/* Begin PBXContainerItemProxy section */
		5A392C1221F807B2002A066E /* PBXContainerItemProxy */ = {
			isa = PBXContainerItemProxy;
			containerPortal = 5A392BF221F807AD002A066E /* Project object */;
			proxyType = 1;
			remoteGlobalIDString = 5A392BF921F807AD002A066E;
			remoteInfo = CoreDataCRUD;
		};
		5A392C1D21F807B2002A066E /* PBXContainerItemProxy */ = {
			isa = PBXContainerItemProxy;
			containerPortal = 5A392BF221F807AD002A066E /* Project object */;
			proxyType = 1;
			remoteGlobalIDString = 5A392BF921F807AD002A066E;
			remoteInfo = CoreDataCRUD;
		};
/* End PBXContainerItemProxy section */

/* Begin PBXFileReference section */
		5A392BFA21F807AD002A066E /* CoreDataCRUD.app */ = {isa = PBXFileReference; explicitFileType = wrapper.application; includeInIndex = 0; path = CoreDataCRUD.app; sourceTree = BUILT_PRODUCTS_DIR; };
		5A392BFD21F807AD002A066E /* AppDelegate.swift */ = {isa = PBXFileReference; lastKnownFileType = sourcecode.swift; path = AppDelegate.swift; sourceTree = "<group>"; };
		5A392BFF21F807AD002A066E /* ViewController.swift */ = {isa = PBXFileReference; lastKnownFileType = sourcecode.swift; path = ViewController.swift; sourceTree = "<group>"; };
		5A392C0221F807AD002A066E /* Base */ = {isa = PBXFileReference; lastKnownFileType = file.storyboard; name = Base; path = Base.lproj/Main.storyboard; sourceTree = "<group>"; };
		5A392C0521F807AE002A066E /* CoreDataCRUD.xcdatamodel */ = {isa = PBXFileReference; lastKnownFileType = wrapper.xcdatamodel; path = CoreDataCRUD.xcdatamodel; sourceTree = "<group>"; };
		5A392C0721F807B2002A066E /* Assets.xcassets */ = {isa = PBXFileReference; lastKnownFileType = folder.assetcatalog; path = Assets.xcassets; sourceTree = "<group>"; };
		5A392C0A21F807B2002A066E /* Base */ = {isa = PBXFileReference; lastKnownFileType = file.storyboard; name = Base; path = Base.lproj/LaunchScreen.storyboard; sourceTree = "<group>"; };
		5A392C0C21F807B2002A066E /* Info.plist */ = {isa = PBXFileReference; lastKnownFileType = text.plist.xml; path = Info.plist; sourceTree = "<group>"; };
		5A392C1121F807B2002A066E /* CoreDataCRUDTests.xctest */ = {isa = PBXFileReference; explicitFileType = wrapper.cfbundle; includeInIndex = 0; path = CoreDataCRUDTests.xctest; sourceTree = BUILT_PRODUCTS_DIR; };
		5A392C1521F807B2002A066E /* CoreDataCRUDTests.swift */ = {isa = PBXFileReference; lastKnownFileType = sourcecode.swift; path = CoreDataCRUDTests.swift; sourceTree = "<group>"; };
		5A392C1721F807B2002A066E /* Info.plist */ = {isa = PBXFileReference; lastKnownFileType = text.plist.xml; path = Info.plist; sourceTree = "<group>"; };
		5A392C1C21F807B2002A066E /* CoreDataCRUDUITests.xctest */ = {isa = PBXFileReference; explicitFileType = wrapper.cfbundle; includeInIndex = 0; path = CoreDataCRUDUITests.xctest; sourceTree = BUILT_PRODUCTS_DIR; };
		5A392C2021F807B2002A066E /* CoreDataCRUDUITests.swift */ = {isa = PBXFileReference; lastKnownFileType = sourcecode.swift; path = CoreDataCRUDUITests.swift; sourceTree = "<group>"; };
		5A392C2221F807B2002A066E /* Info.plist */ = {isa = PBXFileReference; lastKnownFileType = text.plist.xml; path = Info.plist; sourceTree = "<group>"; };
/* End PBXFileReference section */

/* Begin PBXFrameworksBuildPhase section */
		5A392BF721F807AD002A066E /* Frameworks */ = {
			isa = PBXFrameworksBuildPhase;
			buildActionMask = 2147483647;
			files = (
			);
			runOnlyForDeploymentPostprocessing = 0;
		};
		5A392C0E21F807B2002A066E /* Frameworks */ = {
			isa = PBXFrameworksBuildPhase;
			buildActionMask = 2147483647;
			files = (
			);
			runOnlyForDeploymentPostprocessing = 0;
		};
		5A392C1921F807B2002A066E /* Frameworks */ = {
			isa = PBXFrameworksBuildPhase;
			buildActionMask = 2147483647;
			files = (
			);
			runOnlyForDeploymentPostprocessing = 0;
		};
/* End PBXFrameworksBuildPhase section */

/* Begin PBXGroup section */
		5A392BF121F807AD002A066E = {
			isa = PBXGroup;
			children = (
				5A392BFC21F807AD002A066E /* CoreDataCRUD */,
				5A392C1421F807B2002A066E /* CoreDataCRUDTests */,
				5A392C1F21F807B2002A066E /* CoreDataCRUDUITests */,
				5A392BFB21F807AD002A066E /* Products */,
			);
			sourceTree = "<group>";
		};
		5A392BFB21F807AD002A066E /* Products */ = {
			isa = PBXGroup;
			children = (
				5A392BFA21F807AD002A066E /* CoreDataCRUD.app */,
				5A392C1121F807B2002A066E /* CoreDataCRUDTests.xctest */,
				5A392C1C21F807B2002A066E /* CoreDataCRUDUITests.xctest */,
			);
			name = Products;
			sourceTree = "<group>";
		};
		5A392BFC21F807AD002A066E /* CoreDataCRUD */ = {
			isa = PBXGroup;
			children = (
				5A392BFD21F807AD002A066E /* AppDelegate.swift */,
				5A392BFF21F807AD002A066E /* ViewController.swift */,
				5A392C0121F807AD002A066E /* Main.storyboard */,
				5A392C0721F807B2002A066E /* Assets.xcassets */,
				5A392C0921F807B2002A066E /* LaunchScreen.storyboard */,
				5A392C0C21F807B2002A066E /* Info.plist */,
				5A392C0421F807AE002A066E /* CoreDataCRUD.xcdatamodeld */,
			);
			path = CoreDataCRUD;
			sourceTree = "<group>";
		};
		5A392C1421F807B2002A066E /* CoreDataCRUDTests */ = {
			isa = PBXGroup;
			children = (
				5A392C1521F807B2002A066E /* CoreDataCRUDTests.swift */,
				5A392C1721F807B2002A066E /* Info.plist */,
			);
			path = CoreDataCRUDTests;
			sourceTree = "<group>";
		};
		5A392C1F21F807B2002A066E /* CoreDataCRUDUITests */ = {
			isa = PBXGroup;
			children = (
				5A392C2021F807B2002A066E /* CoreDataCRUDUITests.swift */,
				5A392C2221F807B2002A066E /* Info.plist */,
			);
			path = CoreDataCRUDUITests;
			sourceTree = "<group>";
		};
/* End PBXGroup section */

/* Begin PBXNativeTarget section */
		5A392BF921F807AD002A066E /* CoreDataCRUD */ = {
			isa = PBXNativeTarget;
			buildConfigurationList = 5A392C2521F807B2002A066E /* Build configuration list for PBXNativeTarget "CoreDataCRUD" */;
			buildPhases = (
				5A392BF621F807AD002A066E /* Sources */,
				5A392BF721F807AD002A066E /* Frameworks */,
				5A392BF821F807AD002A066E /* Resources */,
			);
			buildRules = (
			);
			dependencies = (
			);
			name = CoreDataCRUD;
			productName = CoreDataCRUD;
			productReference = 5A392BFA21F807AD002A066E /* CoreDataCRUD.app */;
			productType = "com.apple.product-type.application";
		};
		5A392C1021F807B2002A066E /* CoreDataCRUDTests */ = {
			isa = PBXNativeTarget;
			buildConfigurationList = 5A392C2821F807B2002A066E /* Build configuration list for PBXNativeTarget "CoreDataCRUDTests" */;
			buildPhases = (
				5A392C0D21F807B2002A066E /* Sources */,
				5A392C0E21F807B2002A066E /* Frameworks */,
				5A392C0F21F807B2002A066E /* Resources */,
			);
			buildRules = (
			);
			dependencies = (
				5A392C1321F807B2002A066E /* PBXTargetDependency */,
			);
			name = CoreDataCRUDTests;
			productName = CoreDataCRUDTests;
			productReference = 5A392C1121F807B2002A066E /* CoreDataCRUDTests.xctest */;
			productType = "com.apple.product-type.bundle.unit-test";
		};
		5A392C1B21F807B2002A066E /* CoreDataCRUDUITests */ = {
			isa = PBXNativeTarget;
			buildConfigurationList = 5A392C2B21F807B2002A066E /* Build configuration list for PBXNativeTarget "CoreDataCRUDUITests" */;
			buildPhases = (
				5A392C1821F807B2002A066E /* Sources */,
				5A392C1921F807B2002A066E /* Frameworks */,
				5A392C1A21F807B2002A066E /* Resources */,
			);
			buildRules = (
			);
			dependencies = (
				5A392C1E21F807B2002A066E /* PBXTargetDependency */,
			);
			name = CoreDataCRUDUITests;
			productName = CoreDataCRUDUITests;
			productReference = 5A392C1C21F807B2002A066E /* CoreDataCRUDUITests.xctest */;
			productType = "com.apple.product-type.bundle.ui-testing";
		};
/* End PBXNativeTarget section */

/* Begin PBXProject section */
		5A392BF221F807AD002A066E /* Project object */ = {
			isa = PBXProject;
			attributes = {
				LastSwiftUpdateCheck = 1010;
				LastUpgradeCheck = 1010;
				ORGANIZATIONNAME = "Divya Tejasvi";
				TargetAttributes = {
					5A392BF921F807AD002A066E = {
						CreatedOnToolsVersion = 10.1;
					};
					5A392C1021F807B2002A066E = {
						CreatedOnToolsVersion = 10.1;
						TestTargetID = 5A392BF921F807AD002A066E;
					};
					5A392C1B21F807B2002A066E = {
						CreatedOnToolsVersion = 10.1;
						TestTargetID = 5A392BF921F807AD002A066E;
					};
				};
			};
			buildConfigurationList = 5A392BF521F807AD002A066E /* Build configuration list for PBXProject "CoreDataCRUD" */;
			compatibilityVersion = "Xcode 9.3";
			developmentRegion = en;
			hasScannedForEncodings = 0;
			knownRegions = (
				en,
				Base,
			);
			mainGroup = 5A392BF121F807AD002A066E;
			productRefGroup = 5A392BFB21F807AD002A066E /* Products */;
			projectDirPath = "";
			projectRoot = "";
			targets = (
				5A392BF921F807AD002A066E /* CoreDataCRUD */,
				5A392C1021F807B2002A066E /* CoreDataCRUDTests */,
				5A392C1B21F807B2002A066E /* CoreDataCRUDUITests */,
			);
		};
/* End PBXProject section */

/* Begin PBXResourcesBuildPhase section */
		5A392BF821F807AD002A066E /* Resources */ = {
			isa = PBXResourcesBuildPhase;
			buildActionMask = 2147483647;
			files = (
				5A392C0B21F807B2002A066E /* LaunchScreen.storyboard in Resources */,
				5A392C0821F807B2002A066E /* Assets.xcassets in Resources */,
				5A392C0321F807AD002A066E /* Main.storyboard in Resources */,
			);
			runOnlyForDeploymentPostprocessing = 0;
		};
		5A392C0F21F807B2002A066E /* Resources */ = {
			isa = PBXResourcesBuildPhase;
			buildActionMask = 2147483647;
			files = (
			);
			runOnlyForDeploymentPostprocessing = 0;
		};
		5A392C1A21F807B2002A066E /* Resources */ = {
			isa = PBXResourcesBuildPhase;
			buildActionMask = 2147483647;
			files = (
			);
			runOnlyForDeploymentPostprocessing = 0;
		};
/* End PBXResourcesBuildPhase section */

/* Begin PBXSourcesBuildPhase section */
		5A392BF621F807AD002A066E /* Sources */ = {
			isa = PBXSourcesBuildPhase;
			buildActionMask = 2147483647;
			files = (
				5A392C0621F807AE002A066E /* CoreDataCRUD.xcdatamodeld in Sources */,
				5A392C0021F807AD002A066E /* ViewController.swift in Sources */,
				5A392BFE21F807AD002A066E /* AppDelegate.swift in Sources */,
			);
			runOnlyForDeploymentPostprocessing = 0;
		};
		5A392C0D21F807B2002A066E /* Sources */ = {
			isa = PBXSourcesBuildPhase;
			buildActionMask = 2147483647;
			files = (
				5A392C1621F807B2002A066E /* CoreDataCRUDTests.swift in Sources */,
			);
			runOnlyForDeploymentPostprocessing = 0;
		};
		5A392C1821F807B2002A066E /* Sources */ = {
			isa = PBXSourcesBuildPhase;
			buildActionMask = 2147483647;
			files = (
				5A392C2121F807B2002A066E /* CoreDataCRUDUITests.swift in Sources */,
			);
			runOnlyForDeploymentPostprocessing = 0;
		};
/* End PBXSourcesBuildPhase section */

/* Begin PBXTargetDependency section */
		5A392C1321F807B2002A066E /* PBXTargetDependency */ = {
			isa = PBXTargetDependency;
			target = 5A392BF921F807AD002A066E /* CoreDataCRUD */;
			targetProxy = 5A392C1221F807B2002A066E /* PBXContainerItemProxy */;
		};
		5A392C1E21F807B2002A066E /* PBXTargetDependency */ = {
			isa = PBXTargetDependency;
			target = 5A392BF921F807AD002A066E /* CoreDataCRUD */;
			targetProxy = 5A392C1D21F807B2002A066E /* PBXContainerItemProxy */;
		};
/* End PBXTargetDependency section */

/* Begin PBXVariantGroup section */
		5A392C0121F807AD002A066E /* Main.storyboard */ = {
			isa = PBXVariantGroup;
			children = (
				5A392C0221F807AD002A066E /* Base */,
			);
			name = Main.storyboard;
			sourceTree = "<group>";
		};
		5A392C0921F807B2002A066E /* LaunchScreen.storyboard */ = {
			isa = PBXVariantGroup;
			children = (
				5A392C0A21F807B2002A066E /* Base */,
			);
			name = LaunchScreen.storyboard;
			sourceTree = "<group>";
		};
/* End PBXVariantGroup section */

/* Begin XCBuildConfiguration section */
		5A392C2321F807B2002A066E /* Debug */ = {
			isa = XCBuildConfiguration;
			buildSettings = {
				ALWAYS_SEARCH_USER_PATHS = NO;
				CLANG_ANALYZER_NONNULL = YES;
				CLANG_ANALYZER_NUMBER_OBJECT_CONVERSION = YES_AGGRESSIVE;
				CLANG_CXX_LANGUAGE_STANDARD = "gnu++14";
				CLANG_CXX_LIBRARY = "libc++";
				CLANG_ENABLE_MODULES = YES;
				CLANG_ENABLE_OBJC_ARC = YES;
				CLANG_ENABLE_OBJC_WEAK = YES;
				CLANG_WARN_BLOCK_CAPTURE_AUTORELEASING = YES;
				CLANG_WARN_BOOL_CONVERSION = YES;
				CLANG_WARN_COMMA = YES;
				CLANG_WARN_CONSTANT_CONVERSION = YES;
				CLANG_WARN_DEPRECATED_OBJC_IMPLEMENTATIONS = YES;
				CLANG_WARN_DIRECT_OBJC_ISA_USAGE = YES_ERROR;
				CLANG_WARN_DOCUMENTATION_COMMENTS = YES;
				CLANG_WARN_EMPTY_BODY = YES;
				CLANG_WARN_ENUM_CONVERSION = YES;
				CLANG_WARN_INFINITE_RECURSION = YES;
				CLANG_WARN_INT_CONVERSION = YES;
				CLANG_WARN_NON_LITERAL_NULL_CONVERSION = YES;
				CLANG_WARN_OBJC_IMPLICIT_RETAIN_SELF = YES;
				CLANG_WARN_OBJC_LITERAL_CONVERSION = YES;
				CLANG_WARN_OBJC_ROOT_CLASS = YES_ERROR;
				CLANG_WARN_RANGE_LOOP_ANALYSIS = YES;
				CLANG_WARN_STRICT_PROTOTYPES = YES;
				CLANG_WARN_SUSPICIOUS_MOVE = YES;
				CLANG_WARN_UNGUARDED_AVAILABILITY = YES_AGGRESSIVE;
				CLANG_WARN_UNREACHABLE_CODE = YES;
				CLANG_WARN__DUPLICATE_METHOD_MATCH = YES;
				CODE_SIGN_IDENTITY = "iPhone Developer";
				COPY_PHASE_STRIP = NO;
				DEBUG_INFORMATION_FORMAT = dwarf;
				ENABLE_STRICT_OBJC_MSGSEND = YES;
				ENABLE_TESTABILITY = YES;
				GCC_C_LANGUAGE_STANDARD = gnu11;
				GCC_DYNAMIC_NO_PIC = NO;
				GCC_NO_COMMON_BLOCKS = YES;
				GCC_OPTIMIZATION_LEVEL = 0;
				GCC_PREPROCESSOR_DEFINITIONS = (
					"DEBUG=1",
					"$(inherited)",
				);
				GCC_WARN_64_TO_32_BIT_CONVERSION = YES;
				GCC_WARN_ABOUT_RETURN_TYPE = YES_ERROR;
				GCC_WARN_UNDECLARED_SELECTOR = YES;
				GCC_WARN_UNINITIALIZED_AUTOS = YES_AGGRESSIVE;
				GCC_WARN_UNUSED_FUNCTION = YES;
				GCC_WARN_UNUSED_VARIABLE = YES;
				IPHONEOS_DEPLOYMENT_TARGET = 12.1;
				MTL_ENABLE_DEBUG_INFO = INCLUDE_SOURCE;
				MTL_FAST_MATH = YES;
				ONLY_ACTIVE_ARCH = YES;
				SDKROOT = iphoneos;
				SWIFT_ACTIVE_COMPILATION_CONDITIONS = DEBUG;
				SWIFT_OPTIMIZATION_LEVEL = "-Onone";
			};
			name = Debug;
		};
		5A392C2421F807B2002A066E /* Release */ = {
			isa = XCBuildConfiguration;
			buildSettings = {
				ALWAYS_SEARCH_USER_PATHS = NO;
				CLANG_ANALYZER_NONNULL = YES;
				CLANG_ANALYZER_NUMBER_OBJECT_CONVERSION = YES_AGGRESSIVE;
				CLANG_CXX_LANGUAGE_STANDARD = "gnu++14";
				CLANG_CXX_LIBRARY = "libc++";
				CLANG_ENABLE_MODULES = YES;
				CLANG_ENABLE_OBJC_ARC = YES;
				CLANG_ENABLE_OBJC_WEAK = YES;
				CLANG_WARN_BLOCK_CAPTURE_AUTORELEASING = YES;
				CLANG_WARN_BOOL_CONVERSION = YES;
				CLANG_WARN_COMMA = YES;
				CLANG_WARN_CONSTANT_CONVERSION = YES;
				CLANG_WARN_DEPRECATED_OBJC_IMPLEMENTATIONS = YES;
				CLANG_WARN_DIRECT_OBJC_ISA_USAGE = YES_ERROR;
				CLANG_WARN_DOCUMENTATION_COMMENTS = YES;
				CLANG_WARN_EMPTY_BODY = YES;
				CLANG_WARN_ENUM_CONVERSION = YES;
				CLANG_WARN_INFINITE_RECURSION = YES;
				CLANG_WARN_INT_CONVERSION = YES;
				CLANG_WARN_NON_LITERAL_NULL_CONVERSION = YES;
				CLANG_WARN_OBJC_IMPLICIT_RETAIN_SELF = YES;
				CLANG_WARN_OBJC_LITERAL_CONVERSION = YES;
				CLANG_WARN_OBJC_ROOT_CLASS = YES_ERROR;
				CLANG_WARN_RANGE_LOOP_ANALYSIS = YES;
				CLANG_WARN_STRICT_PROTOTYPES = YES;
				CLANG_WARN_SUSPICIOUS_MOVE = YES;
				CLANG_WARN_UNGUARDED_AVAILABILITY = YES_AGGRESSIVE;
				CLANG_WARN_UNREACHABLE_CODE = YES;
				CLANG_WARN__DUPLICATE_METHOD_MATCH = YES;
				CODE_SIGN_IDENTITY = "iPhone Developer";
				COPY_PHASE_STRIP = NO;
				DEBUG_INFORMATION_FORMAT = "dwarf-with-dsym";
				ENABLE_NS_ASSERTIONS = NO;
				ENABLE_STRICT_OBJC_MSGSEND = YES;
				GCC_C_LANGUAGE_STANDARD = gnu11;
				GCC_NO_COMMON_BLOCKS = YES;
				GCC_WARN_64_TO_32_BIT_CONVERSION = YES;
				GCC_WARN_ABOUT_RETURN_TYPE = YES_ERROR;
				GCC_WARN_UNDECLARED_SELECTOR = YES;
				GCC_WARN_UNINITIALIZED_AUTOS = YES_AGGRESSIVE;
				GCC_WARN_UNUSED_FUNCTION = YES;
				GCC_WARN_UNUSED_VARIABLE = YES;
				IPHONEOS_DEPLOYMENT_TARGET = 12.1;
				MTL_ENABLE_DEBUG_INFO = NO;
				MTL_FAST_MATH = YES;
				SDKROOT = iphoneos;
				SWIFT_COMPILATION_MODE = wholemodule;
				SWIFT_OPTIMIZATION_LEVEL = "-O";
				VALIDATE_PRODUCT = YES;
			};
			name = Release;
		};
		5A392C2621F807B2002A066E /* Debug */ = {
			isa = XCBuildConfiguration;
			buildSettings = {
				ASSETCATALOG_COMPILER_APPICON_NAME = AppIcon;
				CODE_SIGN_STYLE = Automatic;
				INFOPLIST_FILE = CoreDataCRUD/Info.plist;
				LD_RUNPATH_SEARCH_PATHS = (
					"$(inherited)",
					"@executable_path/Frameworks",
				);
				PRODUCT_BUNDLE_IDENTIFIER = com.iOS.CoreDataCRUD;
				PRODUCT_NAME = "$(TARGET_NAME)";
				SWIFT_VERSION = 4.2;
				TARGETED_DEVICE_FAMILY = "1,2";
			};
			name = Debug;
		};
		5A392C2721F807B2002A066E /* Release */ = {
			isa = XCBuildConfiguration;
			buildSettings = {
				ASSETCATALOG_COMPILER_APPICON_NAME = AppIcon;
				CODE_SIGN_STYLE = Automatic;
				INFOPLIST_FILE = CoreDataCRUD/Info.plist;
				LD_RUNPATH_SEARCH_PATHS = (
					"$(inherited)",
					"@executable_path/Frameworks",
				);
				PRODUCT_BUNDLE_IDENTIFIER = com.iOS.CoreDataCRUD;
				PRODUCT_NAME = "$(TARGET_NAME)";
				SWIFT_VERSION = 4.2;
				TARGETED_DEVICE_FAMILY = "1,2";
			};
			name = Release;
		};
		5A392C2921F807B2002A066E /* Debug */ = {
			isa = XCBuildConfiguration;
			buildSettings = {
				ALWAYS_EMBED_SWIFT_STANDARD_LIBRARIES = YES;
				BUNDLE_LOADER = "$(TEST_HOST)";
				CODE_SIGN_STYLE = Automatic;
				INFOPLIST_FILE = CoreDataCRUDTests/Info.plist;
				LD_RUNPATH_SEARCH_PATHS = (
					"$(inherited)",
					"@executable_path/Frameworks",
					"@loader_path/Frameworks",
				);
				PRODUCT_BUNDLE_IDENTIFIER = com.iOS.CoreDataCRUDTests;
				PRODUCT_NAME = "$(TARGET_NAME)";
				SWIFT_VERSION = 4.2;
				TARGETED_DEVICE_FAMILY = "1,2";
				TEST_HOST = "$(BUILT_PRODUCTS_DIR)/CoreDataCRUD.app/CoreDataCRUD";
			};
			name = Debug;
		};
		5A392C2A21F807B2002A066E /* Release */ = {
			isa = XCBuildConfiguration;
			buildSettings = {
				ALWAYS_EMBED_SWIFT_STANDARD_LIBRARIES = YES;
				BUNDLE_LOADER = "$(TEST_HOST)";
				CODE_SIGN_STYLE = Automatic;
				INFOPLIST_FILE = CoreDataCRUDTests/Info.plist;
				LD_RUNPATH_SEARCH_PATHS = (
					"$(inherited)",
					"@executable_path/Frameworks",
					"@loader_path/Frameworks",
				);
				PRODUCT_BUNDLE_IDENTIFIER = com.iOS.CoreDataCRUDTests;
				PRODUCT_NAME = "$(TARGET_NAME)";
				SWIFT_VERSION = 4.2;
				TARGETED_DEVICE_FAMILY = "1,2";
				TEST_HOST = "$(BUILT_PRODUCTS_DIR)/CoreDataCRUD.app/CoreDataCRUD";
			};
			name = Release;
		};
		5A392C2C21F807B2002A066E /* Debug */ = {
			isa = XCBuildConfiguration;
			buildSettings = {
				ALWAYS_EMBED_SWIFT_STANDARD_LIBRARIES = YES;
				CODE_SIGN_STYLE = Automatic;
				INFOPLIST_FILE = CoreDataCRUDUITests/Info.plist;
				LD_RUNPATH_SEARCH_PATHS = (
					"$(inherited)",
					"@executable_path/Frameworks",
					"@loader_path/Frameworks",
				);
				PRODUCT_BUNDLE_IDENTIFIER = com.iOS.CoreDataCRUDUITests;
				PRODUCT_NAME = "$(TARGET_NAME)";
				SWIFT_VERSION = 4.2;
				TARGETED_DEVICE_FAMILY = "1,2";
				TEST_TARGET_NAME = CoreDataCRUD;
			};
			name = Debug;
		};
		5A392C2D21F807B2002A066E /* Release */ = {
			isa = XCBuildConfiguration;
			buildSettings = {
				ALWAYS_EMBED_SWIFT_STANDARD_LIBRARIES = YES;
				CODE_SIGN_STYLE = Automatic;
				INFOPLIST_FILE = CoreDataCRUDUITests/Info.plist;
				LD_RUNPATH_SEARCH_PATHS = (
					"$(inherited)",
					"@executable_path/Frameworks",
					"@loader_path/Frameworks",
				);
				PRODUCT_BUNDLE_IDENTIFIER = com.iOS.CoreDataCRUDUITests;
				PRODUCT_NAME = "$(TARGET_NAME)";
				SWIFT_VERSION = 4.2;
				TARGETED_DEVICE_FAMILY = "1,2";
				TEST_TARGET_NAME = CoreDataCRUD;
			};
			name = Release;
		};
/* End XCBuildConfiguration section */

/* Begin XCConfigurationList section */
		5A392BF521F807AD002A066E /* Build configuration list for PBXProject "CoreDataCRUD" */ = {
			isa = XCConfigurationList;
			buildConfigurations = (
				5A392C2321F807B2002A066E /* Debug */,
				5A392C2421F807B2002A066E /* Release */,
			);
			defaultConfigurationIsVisible = 0;
			defaultConfigurationName = Release;
		};
		5A392C2521F807B2002A066E /* Build configuration list for PBXNativeTarget "CoreDataCRUD" */ = {
			isa = XCConfigurationList;
			buildConfigurations = (
				5A392C2621F807B2002A066E /* Debug */,
				5A392C2721F807B2002A066E /* Release */,
			);
			defaultConfigurationIsVisible = 0;
			defaultConfigurationName = Release;
		};
		5A392C2821F807B2002A066E /* Build configuration list for PBXNativeTarget "CoreDataCRUDTests" */ = {
			isa = XCConfigurationList;
			buildConfigurations = (
				5A392C2921F807B2002A066E /* Debug */,
				5A392C2A21F807B2002A066E /* Release */,
			);
			defaultConfigurationIsVisible = 0;
			defaultConfigurationName = Release;
		};
		5A392C2B21F807B2002A066E /* Build configuration list for PBXNativeTarget "CoreDataCRUDUITests" */ = {
			isa = XCConfigurationList;
			buildConfigurations = (
				5A392C2C21F807B2002A066E /* Debug */,
				5A392C2D21F807B2002A066E /* Release */,
			);
			defaultConfigurationIsVisible = 0;
			defaultConfigurationName = Release;
		};
/* End XCConfigurationList section */

/* Begin XCVersionGroup section */
		5A392C0421F807AE002A066E /* CoreDataCRUD.xcdatamodeld */ = {
			isa = XCVersionGroup;
			children = (
				5A392C0521F807AE002A066E /* CoreDataCRUD.xcdatamodel */,
			);
			currentVersion = 5A392C0521F807AE002A066E /* CoreDataCRUD.xcdatamodel */;
			path = CoreDataCRUD.xcdatamodeld;
			sourceTree = "<group>";
			versionGroupType = wrapper.xcdatamodel;
		};
/* End XCVersionGroup section */
	};
	rootObject = 5A392BF221F807AD002A066E /* Project object */;
}
